
Microsoft Visual Studio Solution File, Format Version 12.00
# Visual Studio Version 17
VisualStudioVersion = 17.7.34221.43
MinimumVisualStudioVersion = 10.0.40219.1
Project("{9A19103F-16F7-4668-BE54-9A1E7A4F7556}") = "Store", "Store\Store.csproj", "{FDFB647C-24EE-474C-B238-F33EBB1AB219}"
EndProject
Project("{2150E333-8FDC-42A3-9474-1A3956D46DE8}") = "Domain", "Domain", "{8D746D6A-C77D-46B2-B407-68DB881F5FB9}"
EndProject
Project("{9A19103F-16F7-4668-BE54-9A1E7A4F7556}") = "Store.Domain", "Store.Domain\Store.Domain.csproj", "{C9EF6045-69CA-43CA-820D-4C4F9F1044FB}"
EndProject
Project("{2150E333-8FDC-42A3-9474-1A3956D46DE8}") = "DAL", "DAL", "{8D5458CD-2A2B-4F89-9828-DE134B98D121}"
EndProject
Project("{9A19103F-16F7-4668-BE54-9A1E7A4F7556}") = "Store.DAL", "Store.DAL\Store.DAL.csproj", "{B68A4808-1024-4704-BBA6-D9CA92B66C5F}"
EndProject
Global
	GlobalSection(SolutionConfigurationPlatforms) = preSolution
		Debug|Any CPU = Debug|Any CPU
		Release|Any CPU = Release|Any CPU
	EndGlobalSection
	GlobalSection(ProjectConfigurationPlatforms) = postSolution
		{FDFB647C-24EE-474C-B238-F33EBB1AB219}.Debug|Any CPU.ActiveCfg = Debug|Any CPU
		{FDFB647C-24EE-474C-B238-F33EBB1AB219}.Debug|Any CPU.Build.0 = Debug|Any CPU
		{FDFB647C-24EE-474C-B238-F33EBB1AB219}.Release|Any CPU.ActiveCfg = Release|Any CPU
		{FDFB647C-24EE-474C-B238-F33EBB1AB219}.Release|Any CPU.Build.0 = Release|Any CPU
		{C9EF6045-69CA-43CA-820D-4C4F9F1044FB}.Debug|Any CPU.ActiveCfg = Debug|Any CPU
		{C9EF6045-69CA-43CA-820D-4C4F9F1044FB}.Debug|Any CPU.Build.0 = Debug|Any CPU
		{C9EF6045-69CA-43CA-820D-4C4F9F1044FB}.Release|Any CPU.ActiveCfg = Release|Any CPU
		{C9EF6045-69CA-43CA-820D-4C4F9F1044FB}.Release|Any CPU.Build.0 = Release|Any CPU
		{B68A4808-1024-4704-BBA6-D9CA92B66C5F}.Debug|Any CPU.ActiveCfg = Debug|Any CPU
		{B68A4808-1024-4704-BBA6-D9CA92B66C5F}.Debug|Any CPU.Build.0 = Debug|Any CPU
		{B68A4808-1024-4704-BBA6-D9CA92B66C5F}.Release|Any CPU.ActiveCfg = Release|Any CPU
		{B68A4808-1024-4704-BBA6-D9CA92B66C5F}.Release|Any CPU.Build.0 = Release|Any CPU
	EndGlobalSection
	GlobalSection(SolutionProperties) = preSolution
		HideSolutionNode = FALSE
	EndGlobalSection
	GlobalSection(NestedProjects) = preSolution
		{C9EF6045-69CA-43CA-820D-4C4F9F1044FB} = {8D746D6A-C77D-46B2-B407-68DB881F5FB9}
		{B68A4808-1024-4704-BBA6-D9CA92B66C5F} = {8D5458CD-2A2B-4F89-9828-DE134B98D121}
	EndGlobalSection
	GlobalSection(ExtensibilityGlobals) = postSolution
		SolutionGuid = {F8625F74-6161-4B9C-9B05-9869A285B5D7}
	EndGlobalSection
EndGlobal
